
Microsoft Visual Studio Solution File, Format Version 12.00
# Visual Studio 15
VisualStudioVersion = 15.0.28307.572
MinimumVisualStudioVersion = 10.0.40219.1
Project("{2150E333-8FDC-42A3-9474-1A3956D46DE8}") = "1-Services", "1-Services", "{4E7420B1-2791-4DB1-BAC8-038509251F31}"
EndProject
Project("{2150E333-8FDC-42A3-9474-1A3956D46DE8}") = "2-Applications", "2-Applications", "{8482D17E-9DCF-4E24-97DA-35716C3B7799}"
EndProject
Project("{2150E333-8FDC-42A3-9474-1A3956D46DE8}") = "3-Domains", "3-Domains", "{552D2D5B-5F30-43E7-A18F-F4FB152ED274}"
EndProject
Project("{2150E333-8FDC-42A3-9474-1A3956D46DE8}") = "4-Infras", "4-Infras", "{55640205-799F-452D-B7F1-B84B5C0905FC}"
EndProject
Project("{9A19103F-16F7-4668-BE54-9A1E7A4F7556}") = "VinylRecordSale.Domain", "src\VinylRecordSale.Domain\VinylRecordSale.Domain.csproj", "{B0EBF06E-572B-4084-9D48-162059F0DE56}"
EndProject
Project("{2150E333-8FDC-42A3-9474-1A3956D46DE8}") = "Infra.Data", "Infra.Data", "{561F5846-A05B-4D24-90D9-66BF4BE9C688}"
EndProject
Project("{9A19103F-16F7-4668-BE54-9A1E7A4F7556}") = "VinylRecordSale.Infra.Data", "src\VinylRecordSale.Infra.Data\VinylRecordSale.Infra.Data.csproj", "{9EDEB7EB-E2EC-4030-83F6-C5089D1B1162}"
EndProject
Project("{2150E333-8FDC-42A3-9474-1A3956D46DE8}") = "Infra.Integrations", "Infra.Integrations", "{E3481BE4-7234-4C90-8ACF-D00A3B125100}"
EndProject
Project("{9A19103F-16F7-4668-BE54-9A1E7A4F7556}") = "VinylRecordSale.Infra.Integrations.Spotify", "src\VinylRecordSale.Infra.Integrations.Spotify\VinylRecordSale.Infra.Integrations.Spotify.csproj", "{18912C4B-4034-43F7-A0C2-086C0503A570}"
EndProject
Project("{9A19103F-16F7-4668-BE54-9A1E7A4F7556}") = "VinylRecordSale.Service.Api", "src\VinylRecordSale.Service.Api\VinylRecordSale.Service.Api.csproj", "{3C63381B-5040-4306-B935-0EC4D67BAFF9}"
EndProject
Project("{E53339B2-1760-4266-BCC7-CA923CBCF16C}") = "docker-compose", "docker-compose.dcproj", "{650BED02-3307-4B69-BD0E-A929BC0B0071}"
EndProject
Project("{2150E333-8FDC-42A3-9474-1A3956D46DE8}") = "Infra.CrossCutting", "Infra.CrossCutting", "{6C60A228-1D04-48D9-9A5D-02A7EA42404C}"
EndProject
Project("{9A19103F-16F7-4668-BE54-9A1E7A4F7556}") = "VinylRecordSale.Infra.CrossCutting.Ioc", "src\VinylRecordSale.Infra.CrossCutting.Ioc\VinylRecordSale.Infra.CrossCutting.Ioc.csproj", "{C93F39C7-7936-4083-9B6C-470B491EAF4E}"
EndProject
Project("{9A19103F-16F7-4668-BE54-9A1E7A4F7556}") = "VinylRecordSale.Domain.Tests", "tests\VinylRecordSale.Domain.Tests\VinylRecordSale.Domain.Tests.csproj", "{F6F55DFE-17E5-4D11-AC50-7CA3E3337057}"
EndProject
Project("{9A19103F-16F7-4668-BE54-9A1E7A4F7556}") = "VinylRecordSale.Application", "src\VinylRecordSale.Application\VinylRecordSale.Application.csproj", "{5595E8B4-3BE1-49B2-B674-D2CD032BC77B}"
EndProject
Project("{FAE04EC0-301F-11D3-BF4B-00C04F79EFBC}") = "VinylRecordSale.Application.Tests", "tests\VinylRecordSale.Application.Tests\VinylRecordSale.Application.Tests.csproj", "{CECDC9F8-2195-40E2-8259-38FB0EF61EDB}"
EndProject
Project("{FAE04EC0-301F-11D3-BF4B-00C04F79EFBC}") = "VinylRecordSale.Infra.Data.Tests", "tests\VinylRecordSale.Infra.Data.Tests\VinylRecordSale.Infra.Data.Tests.csproj", "{FC34880C-27AC-4318-A5BB-E89321656D8F}"
EndProject
Project("{FAE04EC0-301F-11D3-BF4B-00C04F79EFBC}") = "VinylRecordSale.Service.Api.Test", "tests\VinylRecordSale.Service.Api.Test\VinylRecordSale.Service.Api.Test.csproj", "{D0C44C19-CCCF-450E-80B0-0A934E7AFB9B}"
EndProject
Global
	GlobalSection(SolutionConfigurationPlatforms) = preSolution
		Debug|Any CPU = Debug|Any CPU
		Release|Any CPU = Release|Any CPU
	EndGlobalSection
	GlobalSection(ProjectConfigurationPlatforms) = postSolution
		{B0EBF06E-572B-4084-9D48-162059F0DE56}.Debug|Any CPU.ActiveCfg = Debug|Any CPU
		{B0EBF06E-572B-4084-9D48-162059F0DE56}.Debug|Any CPU.Build.0 = Debug|Any CPU
		{B0EBF06E-572B-4084-9D48-162059F0DE56}.Release|Any CPU.ActiveCfg = Release|Any CPU
		{B0EBF06E-572B-4084-9D48-162059F0DE56}.Release|Any CPU.Build.0 = Release|Any CPU
		{9EDEB7EB-E2EC-4030-83F6-C5089D1B1162}.Debug|Any CPU.ActiveCfg = Debug|Any CPU
		{9EDEB7EB-E2EC-4030-83F6-C5089D1B1162}.Debug|Any CPU.Build.0 = Debug|Any CPU
		{9EDEB7EB-E2EC-4030-83F6-C5089D1B1162}.Release|Any CPU.ActiveCfg = Release|Any CPU
		{9EDEB7EB-E2EC-4030-83F6-C5089D1B1162}.Release|Any CPU.Build.0 = Release|Any CPU
		{18912C4B-4034-43F7-A0C2-086C0503A570}.Debug|Any CPU.ActiveCfg = Debug|Any CPU
		{18912C4B-4034-43F7-A0C2-086C0503A570}.Debug|Any CPU.Build.0 = Debug|Any CPU
		{18912C4B-4034-43F7-A0C2-086C0503A570}.Release|Any CPU.ActiveCfg = Release|Any CPU
		{18912C4B-4034-43F7-A0C2-086C0503A570}.Release|Any CPU.Build.0 = Release|Any CPU
		{3C63381B-5040-4306-B935-0EC4D67BAFF9}.Debug|Any CPU.ActiveCfg = Debug|Any CPU
		{3C63381B-5040-4306-B935-0EC4D67BAFF9}.Debug|Any CPU.Build.0 = Debug|Any CPU
		{3C63381B-5040-4306-B935-0EC4D67BAFF9}.Release|Any CPU.ActiveCfg = Release|Any CPU
		{3C63381B-5040-4306-B935-0EC4D67BAFF9}.Release|Any CPU.Build.0 = Release|Any CPU
		{650BED02-3307-4B69-BD0E-A929BC0B0071}.Debug|Any CPU.ActiveCfg = Debug|Any CPU
		{650BED02-3307-4B69-BD0E-A929BC0B0071}.Debug|Any CPU.Build.0 = Debug|Any CPU
		{650BED02-3307-4B69-BD0E-A929BC0B0071}.Release|Any CPU.ActiveCfg = Release|Any CPU
		{650BED02-3307-4B69-BD0E-A929BC0B0071}.Release|Any CPU.Build.0 = Release|Any CPU
		{C93F39C7-7936-4083-9B6C-470B491EAF4E}.Debug|Any CPU.ActiveCfg = Debug|Any CPU
		{C93F39C7-7936-4083-9B6C-470B491EAF4E}.Debug|Any CPU.Build.0 = Debug|Any CPU
		{C93F39C7-7936-4083-9B6C-470B491EAF4E}.Release|Any CPU.ActiveCfg = Release|Any CPU
		{C93F39C7-7936-4083-9B6C-470B491EAF4E}.Release|Any CPU.Build.0 = Release|Any CPU
		{F6F55DFE-17E5-4D11-AC50-7CA3E3337057}.Debug|Any CPU.ActiveCfg = Debug|Any CPU
		{F6F55DFE-17E5-4D11-AC50-7CA3E3337057}.Debug|Any CPU.Build.0 = Debug|Any CPU
		{F6F55DFE-17E5-4D11-AC50-7CA3E3337057}.Release|Any CPU.ActiveCfg = Release|Any CPU
		{F6F55DFE-17E5-4D11-AC50-7CA3E3337057}.Release|Any CPU.Build.0 = Release|Any CPU
		{5595E8B4-3BE1-49B2-B674-D2CD032BC77B}.Debug|Any CPU.ActiveCfg = Debug|Any CPU
		{5595E8B4-3BE1-49B2-B674-D2CD032BC77B}.Debug|Any CPU.Build.0 = Debug|Any CPU
		{5595E8B4-3BE1-49B2-B674-D2CD032BC77B}.Release|Any CPU.ActiveCfg = Release|Any CPU
		{5595E8B4-3BE1-49B2-B674-D2CD032BC77B}.Release|Any CPU.Build.0 = Release|Any CPU
		{CECDC9F8-2195-40E2-8259-38FB0EF61EDB}.Debug|Any CPU.ActiveCfg = Debug|Any CPU
		{CECDC9F8-2195-40E2-8259-38FB0EF61EDB}.Debug|Any CPU.Build.0 = Debug|Any CPU
		{CECDC9F8-2195-40E2-8259-38FB0EF61EDB}.Release|Any CPU.ActiveCfg = Release|Any CPU
		{CECDC9F8-2195-40E2-8259-38FB0EF61EDB}.Release|Any CPU.Build.0 = Release|Any CPU
		{FC34880C-27AC-4318-A5BB-E89321656D8F}.Debug|Any CPU.ActiveCfg = Debug|Any CPU
		{FC34880C-27AC-4318-A5BB-E89321656D8F}.Debug|Any CPU.Build.0 = Debug|Any CPU
		{FC34880C-27AC-4318-A5BB-E89321656D8F}.Release|Any CPU.ActiveCfg = Release|Any CPU
		{FC34880C-27AC-4318-A5BB-E89321656D8F}.Release|Any CPU.Build.0 = Release|Any CPU
		{D0C44C19-CCCF-450E-80B0-0A934E7AFB9B}.Debug|Any CPU.ActiveCfg = Debug|Any CPU
		{D0C44C19-CCCF-450E-80B0-0A934E7AFB9B}.Debug|Any CPU.Build.0 = Debug|Any CPU
		{D0C44C19-CCCF-450E-80B0-0A934E7AFB9B}.Release|Any CPU.ActiveCfg = Release|Any CPU
		{D0C44C19-CCCF-450E-80B0-0A934E7AFB9B}.Release|Any CPU.Build.0 = Release|Any CPU
	EndGlobalSection
	GlobalSection(SolutionProperties) = preSolution
		HideSolutionNode = FALSE
	EndGlobalSection
	GlobalSection(NestedProjects) = preSolution
		{B0EBF06E-572B-4084-9D48-162059F0DE56} = {552D2D5B-5F30-43E7-A18F-F4FB152ED274}
		{561F5846-A05B-4D24-90D9-66BF4BE9C688} = {55640205-799F-452D-B7F1-B84B5C0905FC}
		{9EDEB7EB-E2EC-4030-83F6-C5089D1B1162} = {561F5846-A05B-4D24-90D9-66BF4BE9C688}
		{E3481BE4-7234-4C90-8ACF-D00A3B125100} = {55640205-799F-452D-B7F1-B84B5C0905FC}
		{18912C4B-4034-43F7-A0C2-086C0503A570} = {E3481BE4-7234-4C90-8ACF-D00A3B125100}
		{3C63381B-5040-4306-B935-0EC4D67BAFF9} = {4E7420B1-2791-4DB1-BAC8-038509251F31}
		{6C60A228-1D04-48D9-9A5D-02A7EA42404C} = {55640205-799F-452D-B7F1-B84B5C0905FC}
		{C93F39C7-7936-4083-9B6C-470B491EAF4E} = {6C60A228-1D04-48D9-9A5D-02A7EA42404C}
		{F6F55DFE-17E5-4D11-AC50-7CA3E3337057} = {552D2D5B-5F30-43E7-A18F-F4FB152ED274}
		{5595E8B4-3BE1-49B2-B674-D2CD032BC77B} = {8482D17E-9DCF-4E24-97DA-35716C3B7799}
		{CECDC9F8-2195-40E2-8259-38FB0EF61EDB} = {8482D17E-9DCF-4E24-97DA-35716C3B7799}
		{FC34880C-27AC-4318-A5BB-E89321656D8F} = {561F5846-A05B-4D24-90D9-66BF4BE9C688}
		{D0C44C19-CCCF-450E-80B0-0A934E7AFB9B} = {4E7420B1-2791-4DB1-BAC8-038509251F31}
	EndGlobalSection
	GlobalSection(ExtensibilityGlobals) = postSolution
		SolutionGuid = {886AAACA-9513-43B4-AB83-F55D7608F0C7}
	EndGlobalSection
EndGlobal
